// !$*UTF8*$!
{
	archiveVersion = 1;
	classes = {
	};
	objectVersion = 54;
	objects = {

/* Begin PBXBuildFile section */
		BF1A881328912EC1005C0316 /* JKTools工具助手.md in Resources */ = {isa = PBXBuildFile; fileRef = BF1A881228912EC1005C0316 /* JKTools工具助手.md */; };
		BF25A4392615DE1B00CB2F1B /* AppDelegate.swift in Sources */ = {isa = PBXBuildFile; fileRef = BF25A4382615DE1B00CB2F1B /* AppDelegate.swift */; };
		BF25A43B2615DE1B00CB2F1B /* ViewController.swift in Sources */ = {isa = PBXBuildFile; fileRef = BF25A43A2615DE1B00CB2F1B /* ViewController.swift */; };
		BF25A43D2615DE1D00CB2F1B /* Assets.xcassets in Resources */ = {isa = PBXBuildFile; fileRef = BF25A43C2615DE1D00CB2F1B /* Assets.xcassets */; };
		BF25A47A26170AA300CB2F1B /* Main.storyboard in Resources */ = {isa = PBXBuildFile; fileRef = BF25A47926170AA300CB2F1B /* Main.storyboard */; };
		BF26C475287C31090071E3F9 /* Upload.swift in Sources */ = {isa = PBXBuildFile; fileRef = BF26C474287C31090071E3F9 /* Upload.swift */; };
		BF26C59D287FB7920071E3F9 /* SubModuleUpdate.swift in Sources */ = {isa = PBXBuildFile; fileRef = BF26C591287FB7910071E3F9 /* SubModuleUpdate.swift */; };
		BF284044288A7CBB002CC6A2 /* JKToolConfig.swift in Sources */ = {isa = PBXBuildFile; fileRef = BF284042288A7CA4002CC6A2 /* JKToolConfig.swift */; };
		BF2BC8EE26202FDB005802E4 /* PreferencesViewController.swift in Sources */ = {isa = PBXBuildFile; fileRef = BF2BC8ED26202FDB005802E4 /* PreferencesViewController.swift */; };
		BF2BC8F12620370D005802E4 /* PreferencesCellView.swift in Sources */ = {isa = PBXBuildFile; fileRef = BF2BC8F02620370D005802E4 /* PreferencesCellView.swift */; };
		BF2BC8F4262064D0005802E4 /* ProjectInfoBean.swift in Sources */ = {isa = PBXBuildFile; fileRef = BF2BC8F3262064D0005802E4 /* ProjectInfoBean.swift */; };
		BF2BC8F72620681B005802E4 /* InsertProjectViewController.swift in Sources */ = {isa = PBXBuildFile; fileRef = BF2BC8F62620681B005802E4 /* InsertProjectViewController.swift */; };
		BF3A973328900120006134AE /* PreferencesCellView.xib in Resources */ = {isa = PBXBuildFile; fileRef = BF3A973228900120006134AE /* PreferencesCellView.xib */; };
		BF3B8054263171390085E75A /* Projects.swift in Sources */ = {isa = PBXBuildFile; fileRef = BF3B8053263171390085E75A /* Projects.swift */; };
		BF3B805F26318A7A0085E75A /* AppleScriptCommand.swift in Sources */ = {isa = PBXBuildFile; fileRef = BF3B805E26318A7A0085E75A /* AppleScriptCommand.swift */; };
		BF3B8063263194A10085E75A /* ConfigType.swift in Sources */ = {isa = PBXBuildFile; fileRef = BF3B8062263194A00085E75A /* ConfigType.swift */; };
		BF3B8066263199A30085E75A /* ConsoleOptions.swift in Sources */ = {isa = PBXBuildFile; fileRef = BF3B8065263199A30085E75A /* ConsoleOptions.swift */; };
		BF3B80692632686C0085E75A /* MenuView.swift in Sources */ = {isa = PBXBuildFile; fileRef = BF3B80682632686C0085E75A /* MenuView.swift */; };
		BF3CBE3B2636D58D0082E869 /* JKToolScript.scpt in Resources */ = {isa = PBXBuildFile; fileRef = BF3CBE3A2636D58C0082E869 /* JKToolScript.scpt */; };
		BF60AC94291C98A100C7BF2E /* JKTool in Resources */ = {isa = PBXBuildFile; fileRef = BF60AC92291BBFB200C7BF2E /* JKTool */; };
		BF60AC96291C999C00C7BF2E /* HelperViewController.swift in Sources */ = {isa = PBXBuildFile; fileRef = BF60AC95291C999C00C7BF2E /* HelperViewController.swift */; };
		BF69D66D2861BF01009CE7D1 /* ParsableArguments.swift in Sources */ = {isa = PBXBuildFile; fileRef = BF69D6402861BF01009CE7D1 /* ParsableArguments.swift */; };
		BF69D66E2861BF01009CE7D1 /* EnumerableFlag.swift in Sources */ = {isa = PBXBuildFile; fileRef = BF69D6412861BF01009CE7D1 /* EnumerableFlag.swift */; };
		BF69D66F2861BF01009CE7D1 /* ParsableArgumentsValidation.swift in Sources */ = {isa = PBXBuildFile; fileRef = BF69D6422861BF01009CE7D1 /* ParsableArgumentsValidation.swift */; };
		BF69D6702861BF01009CE7D1 /* CommandConfiguration.swift in Sources */ = {isa = PBXBuildFile; fileRef = BF69D6432861BF01009CE7D1 /* CommandConfiguration.swift */; };
		BF69D6712861BF01009CE7D1 /* ParsableCommand.swift in Sources */ = {isa = PBXBuildFile; fileRef = BF69D6442861BF01009CE7D1 /* ParsableCommand.swift */; };
		BF69D6722861BF01009CE7D1 /* ExpressibleByArgument.swift in Sources */ = {isa = PBXBuildFile; fileRef = BF69D6452861BF01009CE7D1 /* ExpressibleByArgument.swift */; };
		BF69D6732861BF01009CE7D1 /* AsyncParsableCommand.swift in Sources */ = {isa = PBXBuildFile; fileRef = BF69D6462861BF01009CE7D1 /* AsyncParsableCommand.swift */; };
		BF69D6742861BF01009CE7D1 /* BashCompletionsGenerator.swift in Sources */ = {isa = PBXBuildFile; fileRef = BF69D6482861BF01009CE7D1 /* BashCompletionsGenerator.swift */; };
		BF69D6752861BF01009CE7D1 /* FishCompletionsGenerator.swift in Sources */ = {isa = PBXBuildFile; fileRef = BF69D6492861BF01009CE7D1 /* FishCompletionsGenerator.swift */; };
		BF69D6762861BF01009CE7D1 /* CompletionsGenerator.swift in Sources */ = {isa = PBXBuildFile; fileRef = BF69D64A2861BF01009CE7D1 /* CompletionsGenerator.swift */; };
		BF69D6772861BF01009CE7D1 /* ZshCompletionsGenerator.swift in Sources */ = {isa = PBXBuildFile; fileRef = BF69D64B2861BF01009CE7D1 /* ZshCompletionsGenerator.swift */; };
		BF69D6782861BF01009CE7D1 /* DumpHelpGenerator.swift in Sources */ = {isa = PBXBuildFile; fileRef = BF69D64D2861BF01009CE7D1 /* DumpHelpGenerator.swift */; };
		BF69D6792861BF01009CE7D1 /* HelpCommand.swift in Sources */ = {isa = PBXBuildFile; fileRef = BF69D64E2861BF01009CE7D1 /* HelpCommand.swift */; };
		BF69D67A2861BF01009CE7D1 /* HelpGenerator.swift in Sources */ = {isa = PBXBuildFile; fileRef = BF69D64F2861BF01009CE7D1 /* HelpGenerator.swift */; };
		BF69D67B2861BF01009CE7D1 /* UsageGenerator.swift in Sources */ = {isa = PBXBuildFile; fileRef = BF69D6502861BF01009CE7D1 /* UsageGenerator.swift */; };
		BF69D67C2861BF01009CE7D1 /* MessageInfo.swift in Sources */ = {isa = PBXBuildFile; fileRef = BF69D6512861BF01009CE7D1 /* MessageInfo.swift */; };
		BF69D67E2861BF01009CE7D1 /* SequenceExtensions.swift in Sources */ = {isa = PBXBuildFile; fileRef = BF69D6542861BF01009CE7D1 /* SequenceExtensions.swift */; };
		BF69D67F2861BF01009CE7D1 /* StringExtensions.swift in Sources */ = {isa = PBXBuildFile; fileRef = BF69D6552861BF01009CE7D1 /* StringExtensions.swift */; };
		BF69D6802861BF01009CE7D1 /* Tree.swift in Sources */ = {isa = PBXBuildFile; fileRef = BF69D6562861BF01009CE7D1 /* Tree.swift */; };
		BF69D6812861BF01009CE7D1 /* CollectionExtensions.swift in Sources */ = {isa = PBXBuildFile; fileRef = BF69D6572861BF01009CE7D1 /* CollectionExtensions.swift */; };
		BF69D6822861BF01009CE7D1 /* Argument.swift in Sources */ = {isa = PBXBuildFile; fileRef = BF69D6592861BF01009CE7D1 /* Argument.swift */; };
		BF69D6832861BF01009CE7D1 /* Option.swift in Sources */ = {isa = PBXBuildFile; fileRef = BF69D65A2861BF01009CE7D1 /* Option.swift */; };
		BF69D6842861BF01009CE7D1 /* CompletionKind.swift in Sources */ = {isa = PBXBuildFile; fileRef = BF69D65B2861BF01009CE7D1 /* CompletionKind.swift */; };
		BF69D6852861BF01009CE7D1 /* OptionGroup.swift in Sources */ = {isa = PBXBuildFile; fileRef = BF69D65C2861BF01009CE7D1 /* OptionGroup.swift */; };
		BF69D6862861BF01009CE7D1 /* Errors.swift in Sources */ = {isa = PBXBuildFile; fileRef = BF69D65D2861BF01009CE7D1 /* Errors.swift */; };
		BF69D6872861BF01009CE7D1 /* ArgumentHelp.swift in Sources */ = {isa = PBXBuildFile; fileRef = BF69D65E2861BF01009CE7D1 /* ArgumentHelp.swift */; };
		BF69D6882861BF01009CE7D1 /* ArgumentVisibility.swift in Sources */ = {isa = PBXBuildFile; fileRef = BF69D65F2861BF01009CE7D1 /* ArgumentVisibility.swift */; };
		BF69D6892861BF01009CE7D1 /* NameSpecification.swift in Sources */ = {isa = PBXBuildFile; fileRef = BF69D6602861BF01009CE7D1 /* NameSpecification.swift */; };
		BF69D68A2861BF01009CE7D1 /* Flag.swift in Sources */ = {isa = PBXBuildFile; fileRef = BF69D6612861BF01009CE7D1 /* Flag.swift */; };
		BF69D68B2861BF01009CE7D1 /* ArgumentSet.swift in Sources */ = {isa = PBXBuildFile; fileRef = BF69D6632861BF01009CE7D1 /* ArgumentSet.swift */; };
		BF69D68C2861BF01009CE7D1 /* ParserError.swift in Sources */ = {isa = PBXBuildFile; fileRef = BF69D6642861BF01009CE7D1 /* ParserError.swift */; };
		BF69D68D2861BF01009CE7D1 /* CommandParser.swift in Sources */ = {isa = PBXBuildFile; fileRef = BF69D6652861BF01009CE7D1 /* CommandParser.swift */; };
		BF69D68E2861BF01009CE7D1 /* InputOrigin.swift in Sources */ = {isa = PBXBuildFile; fileRef = BF69D6662861BF01009CE7D1 /* InputOrigin.swift */; };
		BF69D68F2861BF01009CE7D1 /* Parsed.swift in Sources */ = {isa = PBXBuildFile; fileRef = BF69D6672861BF01009CE7D1 /* Parsed.swift */; };
		BF69D6902861BF01009CE7D1 /* ArgumentDefinition.swift in Sources */ = {isa = PBXBuildFile; fileRef = BF69D6682861BF01009CE7D1 /* ArgumentDefinition.swift */; };
		BF69D6912861BF01009CE7D1 /* ParsedValues.swift in Sources */ = {isa = PBXBuildFile; fileRef = BF69D6692861BF01009CE7D1 /* ParsedValues.swift */; };
		BF69D6922861BF01009CE7D1 /* Name.swift in Sources */ = {isa = PBXBuildFile; fileRef = BF69D66A2861BF01009CE7D1 /* Name.swift */; };
		BF69D6932861BF01009CE7D1 /* SplitArguments.swift in Sources */ = {isa = PBXBuildFile; fileRef = BF69D66B2861BF01009CE7D1 /* SplitArguments.swift */; };
		BF69D6942861BF01009CE7D1 /* ArgumentDecoder.swift in Sources */ = {isa = PBXBuildFile; fileRef = BF69D66C2861BF01009CE7D1 /* ArgumentDecoder.swift */; };
		BF69D69E2861C6B5009CE7D1 /* ToolInfo.swift in Sources */ = {isa = PBXBuildFile; fileRef = BF69D69A2861C6B5009CE7D1 /* ToolInfo.swift */; };
		BF69D6A02862C776009CE7D1 /* Clone.swift in Sources */ = {isa = PBXBuildFile; fileRef = BF69D69F2862C776009CE7D1 /* Clone.swift */; };
		BF69D6A22862EA55009CE7D1 /* Build.swift in Sources */ = {isa = PBXBuildFile; fileRef = BF69D6A12862EA55009CE7D1 /* Build.swift */; };
		BF69D6A42862EA6A009CE7D1 /* Archive.swift in Sources */ = {isa = PBXBuildFile; fileRef = BF69D6A32862EA6A009CE7D1 /* Archive.swift */; };
		BF69D6A62862EA8D009CE7D1 /* Git.swift in Sources */ = {isa = PBXBuildFile; fileRef = BF69D6A52862EA8D009CE7D1 /* Git.swift */; };
		BF69D6AE28632E86009CE7D1 /* Pull.swift in Sources */ = {isa = PBXBuildFile; fileRef = BF69D6AD28632E85009CE7D1 /* Pull.swift */; };
		BF69D6B028632E90009CE7D1 /* Tag.swift in Sources */ = {isa = PBXBuildFile; fileRef = BF69D6AF28632E90009CE7D1 /* Tag.swift */; };
		BF69D6B428632EC1009CE7D1 /* SubModule.swift in Sources */ = {isa = PBXBuildFile; fileRef = BF69D6B328632EC1009CE7D1 /* SubModule.swift */; };
		BF69D6B928643944009CE7D1 /* Po.swift in Sources */ = {isa = PBXBuildFile; fileRef = BF69D6B828643944009CE7D1 /* Po.swift */; };
		BF69D6BB2864789B009CE7D1 /* Init.swift in Sources */ = {isa = PBXBuildFile; fileRef = BF69D6BA2864789B009CE7D1 /* Init.swift */; };
		BF69D6BD286478A7009CE7D1 /* Commit.swift in Sources */ = {isa = PBXBuildFile; fileRef = BF69D6BC286478A7009CE7D1 /* Commit.swift */; };
		BF69D6BF286478B6009CE7D1 /* Push.swift in Sources */ = {isa = PBXBuildFile; fileRef = BF69D6BE286478B6009CE7D1 /* Push.swift */; };
		BF69D6C1286478C5009CE7D1 /* Prune.swift in Sources */ = {isa = PBXBuildFile; fileRef = BF69D6C0286478C5009CE7D1 /* Prune.swift */; };
		BF69D6C3286478D2009CE7D1 /* Rebase.swift in Sources */ = {isa = PBXBuildFile; fileRef = BF69D6C2286478D2009CE7D1 /* Rebase.swift */; };
		BF69D6C5286478DE009CE7D1 /* Checkout.swift in Sources */ = {isa = PBXBuildFile; fileRef = BF69D6C4286478DE009CE7D1 /* Checkout.swift */; };
		BF69D6C7286478EC009CE7D1 /* Status.swift in Sources */ = {isa = PBXBuildFile; fileRef = BF69D6C6286478EC009CE7D1 /* Status.swift */; };
		BF7076FF28781FC500F71AEB /* Shell.swift in Sources */ = {isa = PBXBuildFile; fileRef = BF7076FE28781FC500F71AEB /* Shell.swift */; };
		BF70770228782F9500F71AEB /* Branch.swift in Sources */ = {isa = PBXBuildFile; fileRef = BF70770128782F9500F71AEB /* Branch.swift */; };
		BF85BADF2886BB5F00E916AD /* Config.swift in Sources */ = {isa = PBXBuildFile; fileRef = BF85BADE2886BB5F00E916AD /* Config.swift */; };
		BF8A3DAF2918FF6900E77E3D /* ShellOut.swift in Sources */ = {isa = PBXBuildFile; fileRef = BFA5290D2635169A003427A8 /* ShellOut.swift */; };
		BFA528EC26351606003427A8 /* main.swift in Sources */ = {isa = PBXBuildFile; fileRef = BFA528EB26351606003427A8 /* main.swift */; };
		BFA528F326351634003427A8 /* JKTool.swift in Sources */ = {isa = PBXBuildFile; fileRef = BFA528F226351634003427A8 /* JKTool.swift */; };
		BFA528FB26351659003427A8 /* ANSIProperties.swift in Sources */ = {isa = PBXBuildFile; fileRef = BFA528F726351659003427A8 /* ANSIProperties.swift */; };
		BFA528FC26351659003427A8 /* ANSIModifiers.swift in Sources */ = {isa = PBXBuildFile; fileRef = BFA528F826351659003427A8 /* ANSIModifiers.swift */; };
		BFA528FD26351659003427A8 /* Colors.swift in Sources */ = {isa = PBXBuildFile; fileRef = BFA528F926351659003427A8 /* Colors.swift */; };
		BFA528FE26351659003427A8 /* ANSIColorCode.swift in Sources */ = {isa = PBXBuildFile; fileRef = BFA528FA26351659003427A8 /* ANSIColorCode.swift */; };
		BFA5290E2635169A003427A8 /* SubProject.swift in Sources */ = {isa = PBXBuildFile; fileRef = BFA529082635169A003427A8 /* SubProject.swift */; };
		BFA5290F2635169A003427A8 /* ConfigType.swift in Sources */ = {isa = PBXBuildFile; fileRef = BFA529092635169A003427A8 /* ConfigType.swift */; };
		BFA529122635169A003427A8 /* Project.swift in Sources */ = {isa = PBXBuildFile; fileRef = BFA5290C2635169A003427A8 /* Project.swift */; };
		BFA529132635169A003427A8 /* ShellOut.swift in Sources */ = {isa = PBXBuildFile; fileRef = BFA5290D2635169A003427A8 /* ShellOut.swift */; };
		BFA9F76528865EE300EE989B /* Export.swift in Sources */ = {isa = PBXBuildFile; fileRef = BFA9F76428865EE300EE989B /* Export.swift */; };
		BFB7CA822700893F0099B634 /* Constants.swift in Sources */ = {isa = PBXBuildFile; fileRef = BFB7CA812700893F0099B634 /* Constants.swift */; };
		BFB7CA85270092080099B634 /* Alert.swift in Sources */ = {isa = PBXBuildFile; fileRef = BFB7CA84270092080099B634 /* Alert.swift */; };
		BFEB07B5286AA7DB00B5D197 /* Merge.swift in Sources */ = {isa = PBXBuildFile; fileRef = BFEB07B4286AA7DB00B5D197 /* Merge.swift */; };
		BFEB07D2286B0ECD00B5D197 /* Squash.swift in Sources */ = {isa = PBXBuildFile; fileRef = BFEB07D1286B0ECD00B5D197 /* Squash.swift */; };
		BFEBAE6828608295006928AD /* ExecutableBuild.swift in Sources */ = {isa = PBXBuildFile; fileRef = BFEBAE6728608295006928AD /* ExecutableBuild.swift */; };
		BFF30917288A3F11002D9A47 /* PreferencesController.swift in Sources */ = {isa = PBXBuildFile; fileRef = BFF30916288A3F11002D9A47 /* PreferencesController.swift */; };
/* End PBXBuildFile section */

/* Begin PBXCopyFilesBuildPhase section */
		BFA528E726351606003427A8 /* CopyFiles */ = {
			isa = PBXCopyFilesBuildPhase;
			buildActionMask = 2147483647;
			dstPath = /usr/share/man/man1/;
			dstSubfolderSpec = 0;
			files = (
			);
			runOnlyForDeploymentPostprocessing = 1;
		};
		BFA5298E263690F7003427A8 /* Embed App Extensions */ = {
			isa = PBXCopyFilesBuildPhase;
			buildActionMask = 2147483647;
			dstPath = "";
			dstSubfolderSpec = 13;
			files = (
			);
			name = "Embed App Extensions";
			runOnlyForDeploymentPostprocessing = 0;
		};
/* End PBXCopyFilesBuildPhase section */

/* Begin PBXFileReference section */
		BF1A881228912EC1005C0316 /* JKTools工具助手.md */ = {isa = PBXFileReference; fileEncoding = 4; lastKnownFileType = net.daringfireball.markdown; path = "JKTools工具助手.md"; sourceTree = "<group>"; };
		BF25A4352615DE1B00CB2F1B /* JKTools.app */ = {isa = PBXFileReference; explicitFileType = wrapper.application; includeInIndex = 0; path = JKTools.app; sourceTree = BUILT_PRODUCTS_DIR; };
		BF25A4382615DE1B00CB2F1B /* AppDelegate.swift */ = {isa = PBXFileReference; lastKnownFileType = sourcecode.swift; path = AppDelegate.swift; sourceTree = "<group>"; };
		BF25A43A2615DE1B00CB2F1B /* ViewController.swift */ = {isa = PBXFileReference; lastKnownFileType = sourcecode.swift; path = ViewController.swift; sourceTree = "<group>"; };
		BF25A43C2615DE1D00CB2F1B /* Assets.xcassets */ = {isa = PBXFileReference; lastKnownFileType = folder.assetcatalog; path = Assets.xcassets; sourceTree = "<group>"; };
		BF25A4412615DE1D00CB2F1B /* Info.plist */ = {isa = PBXFileReference; lastKnownFileType = text.plist.xml; path = Info.plist; sourceTree = "<group>"; };
		BF25A4422615DE1D00CB2F1B /* JKTools.entitlements */ = {isa = PBXFileReference; lastKnownFileType = text.plist.entitlements; path = JKTools.entitlements; sourceTree = "<group>"; };
		BF25A47926170AA300CB2F1B /* Main.storyboard */ = {isa = PBXFileReference; fileEncoding = 4; lastKnownFileType = file.storyboard; path = Main.storyboard; sourceTree = "<group>"; };
		BF26C474287C31090071E3F9 /* Upload.swift */ = {isa = PBXFileReference; lastKnownFileType = sourcecode.swift; path = Upload.swift; sourceTree = "<group>"; };
		BF26C591287FB7910071E3F9 /* SubModuleUpdate.swift */ = {isa = PBXFileReference; fileEncoding = 4; lastKnownFileType = sourcecode.swift; path = SubModuleUpdate.swift; sourceTree = "<group>"; };
		BF284042288A7CA4002CC6A2 /* JKToolConfig.swift */ = {isa = PBXFileReference; lastKnownFileType = sourcecode.swift; path = JKToolConfig.swift; sourceTree = "<group>"; };
		BF2BC8ED26202FDB005802E4 /* PreferencesViewController.swift */ = {isa = PBXFileReference; lastKnownFileType = sourcecode.swift; path = PreferencesViewController.swift; sourceTree = "<group>"; };
		BF2BC8F02620370D005802E4 /* PreferencesCellView.swift */ = {isa = PBXFileReference; lastKnownFileType = sourcecode.swift; path = PreferencesCellView.swift; sourceTree = "<group>"; };
		BF2BC8F3262064D0005802E4 /* ProjectInfoBean.swift */ = {isa = PBXFileReference; lastKnownFileType = sourcecode.swift; path = ProjectInfoBean.swift; sourceTree = "<group>"; };
		BF2BC8F62620681B005802E4 /* InsertProjectViewController.swift */ = {isa = PBXFileReference; lastKnownFileType = sourcecode.swift; path = InsertProjectViewController.swift; sourceTree = "<group>"; };
		BF3A973228900120006134AE /* PreferencesCellView.xib */ = {isa = PBXFileReference; lastKnownFileType = file.xib; path = PreferencesCellView.xib; sourceTree = "<group>"; };
		BF3B8053263171390085E75A /* Projects.swift */ = {isa = PBXFileReference; lastKnownFileType = sourcecode.swift; path = Projects.swift; sourceTree = "<group>"; };
		BF3B805E26318A7A0085E75A /* AppleScriptCommand.swift */ = {isa = PBXFileReference; lastKnownFileType = sourcecode.swift; path = AppleScriptCommand.swift; sourceTree = "<group>"; };
		BF3B8062263194A00085E75A /* ConfigType.swift */ = {isa = PBXFileReference; fileEncoding = 4; lastKnownFileType = sourcecode.swift; path = ConfigType.swift; sourceTree = "<group>"; };
		BF3B8065263199A30085E75A /* ConsoleOptions.swift */ = {isa = PBXFileReference; fileEncoding = 4; lastKnownFileType = sourcecode.swift; path = ConsoleOptions.swift; sourceTree = "<group>"; };
		BF3B80682632686C0085E75A /* MenuView.swift */ = {isa = PBXFileReference; lastKnownFileType = sourcecode.swift; path = MenuView.swift; sourceTree = "<group>"; };
		BF3CBE3A2636D58C0082E869 /* JKToolScript.scpt */ = {isa = PBXFileReference; lastKnownFileType = text; path = JKToolScript.scpt; sourceTree = "<group>"; };
		BF60AC92291BBFB200C7BF2E /* JKTool */ = {isa = PBXFileReference; lastKnownFileType = "compiled.mach-o.executable"; path = JKTool; sourceTree = "<group>"; };
		BF60AC95291C999C00C7BF2E /* HelperViewController.swift */ = {isa = PBXFileReference; lastKnownFileType = sourcecode.swift; path = HelperViewController.swift; sourceTree = "<group>"; };
		BF69D6402861BF01009CE7D1 /* ParsableArguments.swift */ = {isa = PBXFileReference; fileEncoding = 4; lastKnownFileType = sourcecode.swift; path = ParsableArguments.swift; sourceTree = "<group>"; };
		BF69D6412861BF01009CE7D1 /* EnumerableFlag.swift */ = {isa = PBXFileReference; fileEncoding = 4; lastKnownFileType = sourcecode.swift; path = EnumerableFlag.swift; sourceTree = "<group>"; };
		BF69D6422861BF01009CE7D1 /* ParsableArgumentsValidation.swift */ = {isa = PBXFileReference; fileEncoding = 4; lastKnownFileType = sourcecode.swift; path = ParsableArgumentsValidation.swift; sourceTree = "<group>"; };
		BF69D6432861BF01009CE7D1 /* CommandConfiguration.swift */ = {isa = PBXFileReference; fileEncoding = 4; lastKnownFileType = sourcecode.swift; path = CommandConfiguration.swift; sourceTree = "<group>"; };
		BF69D6442861BF01009CE7D1 /* ParsableCommand.swift */ = {isa = PBXFileReference; fileEncoding = 4; lastKnownFileType = sourcecode.swift; path = ParsableCommand.swift; sourceTree = "<group>"; };
		BF69D6452861BF01009CE7D1 /* ExpressibleByArgument.swift */ = {isa = PBXFileReference; fileEncoding = 4; lastKnownFileType = sourcecode.swift; path = ExpressibleByArgument.swift; sourceTree = "<group>"; };
		BF69D6462861BF01009CE7D1 /* AsyncParsableCommand.swift */ = {isa = PBXFileReference; fileEncoding = 4; lastKnownFileType = sourcecode.swift; path = AsyncParsableCommand.swift; sourceTree = "<group>"; };
		BF69D6482861BF01009CE7D1 /* BashCompletionsGenerator.swift */ = {isa = PBXFileReference; fileEncoding = 4; lastKnownFileType = sourcecode.swift; path = BashCompletionsGenerator.swift; sourceTree = "<group>"; };
		BF69D6492861BF01009CE7D1 /* FishCompletionsGenerator.swift */ = {isa = PBXFileReference; fileEncoding = 4; lastKnownFileType = sourcecode.swift; path = FishCompletionsGenerator.swift; sourceTree = "<group>"; };
		BF69D64A2861BF01009CE7D1 /* CompletionsGenerator.swift */ = {isa = PBXFileReference; fileEncoding = 4; lastKnownFileType = sourcecode.swift; path = CompletionsGenerator.swift; sourceTree = "<group>"; };
		BF69D64B2861BF01009CE7D1 /* ZshCompletionsGenerator.swift */ = {isa = PBXFileReference; fileEncoding = 4; lastKnownFileType = sourcecode.swift; path = ZshCompletionsGenerator.swift; sourceTree = "<group>"; };
		BF69D64D2861BF01009CE7D1 /* DumpHelpGenerator.swift */ = {isa = PBXFileReference; fileEncoding = 4; lastKnownFileType = sourcecode.swift; path = DumpHelpGenerator.swift; sourceTree = "<group>"; };
		BF69D64E2861BF01009CE7D1 /* HelpCommand.swift */ = {isa = PBXFileReference; fileEncoding = 4; lastKnownFileType = sourcecode.swift; path = HelpCommand.swift; sourceTree = "<group>"; };
		BF69D64F2861BF01009CE7D1 /* HelpGenerator.swift */ = {isa = PBXFileReference; fileEncoding = 4; lastKnownFileType = sourcecode.swift; path = HelpGenerator.swift; sourceTree = "<group>"; };
		BF69D6502861BF01009CE7D1 /* UsageGenerator.swift */ = {isa = PBXFileReference; fileEncoding = 4; lastKnownFileType = sourcecode.swift; path = UsageGenerator.swift; sourceTree = "<group>"; };
		BF69D6512861BF01009CE7D1 /* MessageInfo.swift */ = {isa = PBXFileReference; fileEncoding = 4; lastKnownFileType = sourcecode.swift; path = MessageInfo.swift; sourceTree = "<group>"; };
		BF69D6542861BF01009CE7D1 /* SequenceExtensions.swift */ = {isa = PBXFileReference; fileEncoding = 4; lastKnownFileType = sourcecode.swift; path = SequenceExtensions.swift; sourceTree = "<group>"; };
		BF69D6552861BF01009CE7D1 /* StringExtensions.swift */ = {isa = PBXFileReference; fileEncoding = 4; lastKnownFileType = sourcecode.swift; path = StringExtensions.swift; sourceTree = "<group>"; };
		BF69D6562861BF01009CE7D1 /* Tree.swift */ = {isa = PBXFileReference; fileEncoding = 4; lastKnownFileType = sourcecode.swift; path = Tree.swift; sourceTree = "<group>"; };
		BF69D6572861BF01009CE7D1 /* CollectionExtensions.swift */ = {isa = PBXFileReference; fileEncoding = 4; lastKnownFileType = sourcecode.swift; path = CollectionExtensions.swift; sourceTree = "<group>"; };
		BF69D6592861BF01009CE7D1 /* Argument.swift */ = {isa = PBXFileReference; fileEncoding = 4; lastKnownFileType = sourcecode.swift; path = Argument.swift; sourceTree = "<group>"; };
		BF69D65A2861BF01009CE7D1 /* Option.swift */ = {isa = PBXFileReference; fileEncoding = 4; lastKnownFileType = sourcecode.swift; path = Option.swift; sourceTree = "<group>"; };
		BF69D65B2861BF01009CE7D1 /* CompletionKind.swift */ = {isa = PBXFileReference; fileEncoding = 4; lastKnownFileType = sourcecode.swift; path = CompletionKind.swift; sourceTree = "<group>"; };
		BF69D65C2861BF01009CE7D1 /* OptionGroup.swift */ = {isa = PBXFileReference; fileEncoding = 4; lastKnownFileType = sourcecode.swift; path = OptionGroup.swift; sourceTree = "<group>"; };
		BF69D65D2861BF01009CE7D1 /* Errors.swift */ = {isa = PBXFileReference; fileEncoding = 4; lastKnownFileType = sourcecode.swift; path = Errors.swift; sourceTree = "<group>"; };
		BF69D65E2861BF01009CE7D1 /* ArgumentHelp.swift */ = {isa = PBXFileReference; fileEncoding = 4; lastKnownFileType = sourcecode.swift; path = ArgumentHelp.swift; sourceTree = "<group>"; };
		BF69D65F2861BF01009CE7D1 /* ArgumentVisibility.swift */ = {isa = PBXFileReference; fileEncoding = 4; lastKnownFileType = sourcecode.swift; path = ArgumentVisibility.swift; sourceTree = "<group>"; };
		BF69D6602861BF01009CE7D1 /* NameSpecification.swift */ = {isa = PBXFileReference; fileEncoding = 4; lastKnownFileType = sourcecode.swift; path = NameSpecification.swift; sourceTree = "<group>"; };
		BF69D6612861BF01009CE7D1 /* Flag.swift */ = {isa = PBXFileReference; fileEncoding = 4; lastKnownFileType = sourcecode.swift; path = Flag.swift; sourceTree = "<group>"; };
		BF69D6632861BF01009CE7D1 /* ArgumentSet.swift */ = {isa = PBXFileReference; fileEncoding = 4; lastKnownFileType = sourcecode.swift; path = ArgumentSet.swift; sourceTree = "<group>"; };
		BF69D6642861BF01009CE7D1 /* ParserError.swift */ = {isa = PBXFileReference; fileEncoding = 4; lastKnownFileType = sourcecode.swift; path = ParserError.swift; sourceTree = "<group>"; };
		BF69D6652861BF01009CE7D1 /* CommandParser.swift */ = {isa = PBXFileReference; fileEncoding = 4; lastKnownFileType = sourcecode.swift; path = CommandParser.swift; sourceTree = "<group>"; };
		BF69D6662861BF01009CE7D1 /* InputOrigin.swift */ = {isa = PBXFileReference; fileEncoding = 4; lastKnownFileType = sourcecode.swift; path = InputOrigin.swift; sourceTree = "<group>"; };
		BF69D6672861BF01009CE7D1 /* Parsed.swift */ = {isa = PBXFileReference; fileEncoding = 4; lastKnownFileType = sourcecode.swift; path = Parsed.swift; sourceTree = "<group>"; };
		BF69D6682861BF01009CE7D1 /* ArgumentDefinition.swift */ = {isa = PBXFileReference; fileEncoding = 4; lastKnownFileType = sourcecode.swift; path = ArgumentDefinition.swift; sourceTree = "<group>"; };
		BF69D6692861BF01009CE7D1 /* ParsedValues.swift */ = {isa = PBXFileReference; fileEncoding = 4; lastKnownFileType = sourcecode.swift; path = ParsedValues.swift; sourceTree = "<group>"; };
		BF69D66A2861BF01009CE7D1 /* Name.swift */ = {isa = PBXFileReference; fileEncoding = 4; lastKnownFileType = sourcecode.swift; path = Name.swift; sourceTree = "<group>"; };
		BF69D66B2861BF01009CE7D1 /* SplitArguments.swift */ = {isa = PBXFileReference; fileEncoding = 4; lastKnownFileType = sourcecode.swift; path = SplitArguments.swift; sourceTree = "<group>"; };
		BF69D66C2861BF01009CE7D1 /* ArgumentDecoder.swift */ = {isa = PBXFileReference; fileEncoding = 4; lastKnownFileType = sourcecode.swift; path = ArgumentDecoder.swift; sourceTree = "<group>"; };
		BF69D69A2861C6B5009CE7D1 /* ToolInfo.swift */ = {isa = PBXFileReference; fileEncoding = 4; lastKnownFileType = sourcecode.swift; path = ToolInfo.swift; sourceTree = "<group>"; };
		BF69D69F2862C776009CE7D1 /* Clone.swift */ = {isa = PBXFileReference; lastKnownFileType = sourcecode.swift; path = Clone.swift; sourceTree = "<group>"; };
		BF69D6A12862EA55009CE7D1 /* Build.swift */ = {isa = PBXFileReference; lastKnownFileType = sourcecode.swift; path = Build.swift; sourceTree = "<group>"; };
		BF69D6A32862EA6A009CE7D1 /* Archive.swift */ = {isa = PBXFileReference; lastKnownFileType = sourcecode.swift; path = Archive.swift; sourceTree = "<group>"; };
		BF69D6A52862EA8D009CE7D1 /* Git.swift */ = {isa = PBXFileReference; lastKnownFileType = sourcecode.swift; path = Git.swift; sourceTree = "<group>"; };
		BF69D6AD28632E85009CE7D1 /* Pull.swift */ = {isa = PBXFileReference; lastKnownFileType = sourcecode.swift; path = Pull.swift; sourceTree = "<group>"; };
		BF69D6AF28632E90009CE7D1 /* Tag.swift */ = {isa = PBXFileReference; lastKnownFileType = sourcecode.swift; path = Tag.swift; sourceTree = "<group>"; };
		BF69D6B328632EC1009CE7D1 /* SubModule.swift */ = {isa = PBXFileReference; lastKnownFileType = sourcecode.swift; path = SubModule.swift; sourceTree = "<group>"; };
		BF69D6B828643944009CE7D1 /* Po.swift */ = {isa = PBXFileReference; lastKnownFileType = sourcecode.swift; path = Po.swift; sourceTree = "<group>"; };
		BF69D6BA2864789B009CE7D1 /* Init.swift */ = {isa = PBXFileReference; lastKnownFileType = sourcecode.swift; path = Init.swift; sourceTree = "<group>"; };
		BF69D6BC286478A7009CE7D1 /* Commit.swift */ = {isa = PBXFileReference; lastKnownFileType = sourcecode.swift; path = Commit.swift; sourceTree = "<group>"; };
		BF69D6BE286478B6009CE7D1 /* Push.swift */ = {isa = PBXFileReference; lastKnownFileType = sourcecode.swift; path = Push.swift; sourceTree = "<group>"; };
		BF69D6C0286478C5009CE7D1 /* Prune.swift */ = {isa = PBXFileReference; lastKnownFileType = sourcecode.swift; path = Prune.swift; sourceTree = "<group>"; };
		BF69D6C2286478D2009CE7D1 /* Rebase.swift */ = {isa = PBXFileReference; lastKnownFileType = sourcecode.swift; path = Rebase.swift; sourceTree = "<group>"; };
		BF69D6C4286478DE009CE7D1 /* Checkout.swift */ = {isa = PBXFileReference; lastKnownFileType = sourcecode.swift; path = Checkout.swift; sourceTree = "<group>"; };
		BF69D6C6286478EC009CE7D1 /* Status.swift */ = {isa = PBXFileReference; lastKnownFileType = sourcecode.swift; path = Status.swift; sourceTree = "<group>"; };
		BF7076FE28781FC500F71AEB /* Shell.swift */ = {isa = PBXFileReference; lastKnownFileType = sourcecode.swift; path = Shell.swift; sourceTree = "<group>"; };
		BF70770128782F9500F71AEB /* Branch.swift */ = {isa = PBXFileReference; lastKnownFileType = sourcecode.swift; path = Branch.swift; sourceTree = "<group>"; };
		BF85BADE2886BB5F00E916AD /* Config.swift */ = {isa = PBXFileReference; lastKnownFileType = sourcecode.swift; path = Config.swift; sourceTree = "<group>"; };
		BFA528E926351606003427A8 /* JKTool */ = {isa = PBXFileReference; explicitFileType = "compiled.mach-o.executable"; includeInIndex = 0; path = JKTool; sourceTree = BUILT_PRODUCTS_DIR; };
		BFA528EB26351606003427A8 /* main.swift */ = {isa = PBXFileReference; lastKnownFileType = sourcecode.swift; path = main.swift; sourceTree = "<group>"; };
		BFA528F226351634003427A8 /* JKTool.swift */ = {isa = PBXFileReference; lastKnownFileType = sourcecode.swift; path = JKTool.swift; sourceTree = "<group>"; };
		BFA528F726351659003427A8 /* ANSIProperties.swift */ = {isa = PBXFileReference; fileEncoding = 4; lastKnownFileType = sourcecode.swift; path = ANSIProperties.swift; sourceTree = "<group>"; };
		BFA528F826351659003427A8 /* ANSIModifiers.swift */ = {isa = PBXFileReference; fileEncoding = 4; lastKnownFileType = sourcecode.swift; path = ANSIModifiers.swift; sourceTree = "<group>"; };
		BFA528F926351659003427A8 /* Colors.swift */ = {isa = PBXFileReference; fileEncoding = 4; lastKnownFileType = sourcecode.swift; path = Colors.swift; sourceTree = "<group>"; };
		BFA528FA26351659003427A8 /* ANSIColorCode.swift */ = {isa = PBXFileReference; fileEncoding = 4; lastKnownFileType = sourcecode.swift; path = ANSIColorCode.swift; sourceTree = "<group>"; };
		BFA529082635169A003427A8 /* SubProject.swift */ = {isa = PBXFileReference; fileEncoding = 4; lastKnownFileType = sourcecode.swift; path = SubProject.swift; sourceTree = "<group>"; };
		BFA529092635169A003427A8 /* ConfigType.swift */ = {isa = PBXFileReference; fileEncoding = 4; lastKnownFileType = sourcecode.swift; path = ConfigType.swift; sourceTree = "<group>"; };
		BFA5290C2635169A003427A8 /* Project.swift */ = {isa = PBXFileReference; fileEncoding = 4; lastKnownFileType = sourcecode.swift; path = Project.swift; sourceTree = "<group>"; };
		BFA5290D2635169A003427A8 /* ShellOut.swift */ = {isa = PBXFileReference; fileEncoding = 4; lastKnownFileType = sourcecode.swift; path = ShellOut.swift; sourceTree = "<group>"; };
		BFA9F76428865EE300EE989B /* Export.swift */ = {isa = PBXFileReference; lastKnownFileType = sourcecode.swift; path = Export.swift; sourceTree = "<group>"; };
		BFB7CA812700893F0099B634 /* Constants.swift */ = {isa = PBXFileReference; lastKnownFileType = sourcecode.swift; path = Constants.swift; sourceTree = "<group>"; };
		BFB7CA84270092080099B634 /* Alert.swift */ = {isa = PBXFileReference; lastKnownFileType = sourcecode.swift; path = Alert.swift; sourceTree = "<group>"; };
		BFEB07B4286AA7DB00B5D197 /* Merge.swift */ = {isa = PBXFileReference; lastKnownFileType = sourcecode.swift; path = Merge.swift; sourceTree = "<group>"; };
		BFEB07D1286B0ECD00B5D197 /* Squash.swift */ = {isa = PBXFileReference; lastKnownFileType = sourcecode.swift; path = Squash.swift; sourceTree = "<group>"; };
		BFEBAE6728608295006928AD /* ExecutableBuild.swift */ = {isa = PBXFileReference; lastKnownFileType = sourcecode.swift; path = ExecutableBuild.swift; sourceTree = "<group>"; };
		BFF30916288A3F11002D9A47 /* PreferencesController.swift */ = {isa = PBXFileReference; lastKnownFileType = sourcecode.swift; path = PreferencesController.swift; sourceTree = "<group>"; };
/* End PBXFileReference section */

/* Begin PBXFrameworksBuildPhase section */
		BF25A4322615DE1B00CB2F1B /* Frameworks */ = {
			isa = PBXFrameworksBuildPhase;
			buildActionMask = 2147483647;
			files = (
			);
			runOnlyForDeploymentPostprocessing = 0;
		};
		BFA528E626351606003427A8 /* Frameworks */ = {
			isa = PBXFrameworksBuildPhase;
			buildActionMask = 2147483647;
			files = (
			);
			runOnlyForDeploymentPostprocessing = 0;
		};
/* End PBXFrameworksBuildPhase section */

/* Begin PBXGroup section */
		BF25A42C2615DE1B00CB2F1B = {
			isa = PBXGroup;
			children = (
				BF25A4372615DE1B00CB2F1B /* JKTools */,
				BFA528EA26351606003427A8 /* JKTool */,
				BF25A4362615DE1B00CB2F1B /* Products */,
			);
			sourceTree = "<group>";
		};
		BF25A4362615DE1B00CB2F1B /* Products */ = {
			isa = PBXGroup;
			children = (
				BF25A4352615DE1B00CB2F1B /* JKTools.app */,
				BFA528E926351606003427A8 /* JKTool */,
			);
			name = Products;
			sourceTree = "<group>";
		};
		BF25A4372615DE1B00CB2F1B /* JKTools */ = {
			isa = PBXGroup;
			children = (
				BF25A4382615DE1B00CB2F1B /* AppDelegate.swift */,
				BF25A43A2615DE1B00CB2F1B /* ViewController.swift */,
				BF3B804E263049AB0085E75A /* AppleScripts */,
				BF2BC8ED26202FDB005802E4 /* PreferencesViewController.swift */,
				BF60AC95291C999C00C7BF2E /* HelperViewController.swift */,
				BF3B80682632686C0085E75A /* MenuView.swift */,
				BF2BC8F02620370D005802E4 /* PreferencesCellView.swift */,
				BF3A973228900120006134AE /* PreferencesCellView.xib */,
				BF2BC8F3262064D0005802E4 /* ProjectInfoBean.swift */,
				BF3B8053263171390085E75A /* Projects.swift */,
				BF284042288A7CA4002CC6A2 /* JKToolConfig.swift */,
				BF2BC8F62620681B005802E4 /* InsertProjectViewController.swift */,
				BF25A43C2615DE1D00CB2F1B /* Assets.xcassets */,
				BF25A47926170AA300CB2F1B /* Main.storyboard */,
				BF25A4412615DE1D00CB2F1B /* Info.plist */,
				BF25A4422615DE1D00CB2F1B /* JKTools.entitlements */,
				BFF30916288A3F11002D9A47 /* PreferencesController.swift */,
			);
			path = JKTools;
			sourceTree = "<group>";
		};
		BF3B804E263049AB0085E75A /* AppleScripts */ = {
			isa = PBXGroup;
			children = (
				BF60AC92291BBFB200C7BF2E /* JKTool */,
				BF1A881228912EC1005C0316 /* JKTools工具助手.md */,
				BF3B8062263194A00085E75A /* ConfigType.swift */,
				BF3B8065263199A30085E75A /* ConsoleOptions.swift */,
				BF3CBE3A2636D58C0082E869 /* JKToolScript.scpt */,
				BF3B805E26318A7A0085E75A /* AppleScriptCommand.swift */,
				BFB7CA812700893F0099B634 /* Constants.swift */,
				BFB7CA84270092080099B634 /* Alert.swift */,
			);
			path = AppleScripts;
			sourceTree = "<group>";
		};
		BF69D63D2861BF01009CE7D1 /* ArgumentParser */ = {
			isa = PBXGroup;
			children = (
				BF69D63F2861BF01009CE7D1 /* Parsable Types */,
				BF69D6472861BF01009CE7D1 /* Completions */,
				BF69D64C2861BF01009CE7D1 /* Usage */,
				BF69D6532861BF01009CE7D1 /* Utilities */,
				BF69D6582861BF01009CE7D1 /* Parsable Properties */,
				BF69D6622861BF01009CE7D1 /* Parsing */,
			);
			path = ArgumentParser;
			sourceTree = "<group>";
		};
		BF69D63F2861BF01009CE7D1 /* Parsable Types */ = {
			isa = PBXGroup;
			children = (
				BF69D6402861BF01009CE7D1 /* ParsableArguments.swift */,
				BF69D6412861BF01009CE7D1 /* EnumerableFlag.swift */,
				BF69D6422861BF01009CE7D1 /* ParsableArgumentsValidation.swift */,
				BF69D6432861BF01009CE7D1 /* CommandConfiguration.swift */,
				BF69D6442861BF01009CE7D1 /* ParsableCommand.swift */,
				BF69D6452861BF01009CE7D1 /* ExpressibleByArgument.swift */,
				BF69D6462861BF01009CE7D1 /* AsyncParsableCommand.swift */,
			);
			path = "Parsable Types";
			sourceTree = "<group>";
		};
		BF69D6472861BF01009CE7D1 /* Completions */ = {
			isa = PBXGroup;
			children = (
				BF69D6482861BF01009CE7D1 /* BashCompletionsGenerator.swift */,
				BF69D6492861BF01009CE7D1 /* FishCompletionsGenerator.swift */,
				BF69D64A2861BF01009CE7D1 /* CompletionsGenerator.swift */,
				BF69D64B2861BF01009CE7D1 /* ZshCompletionsGenerator.swift */,
			);
			path = Completions;
			sourceTree = "<group>";
		};
		BF69D64C2861BF01009CE7D1 /* Usage */ = {
			isa = PBXGroup;
			children = (
				BF69D64D2861BF01009CE7D1 /* DumpHelpGenerator.swift */,
				BF69D64E2861BF01009CE7D1 /* HelpCommand.swift */,
				BF69D64F2861BF01009CE7D1 /* HelpGenerator.swift */,
				BF69D6502861BF01009CE7D1 /* UsageGenerator.swift */,
				BF69D6512861BF01009CE7D1 /* MessageInfo.swift */,
			);
			path = Usage;
			sourceTree = "<group>";
		};
		BF69D6532861BF01009CE7D1 /* Utilities */ = {
			isa = PBXGroup;
			children = (
				BF69D6542861BF01009CE7D1 /* SequenceExtensions.swift */,
				BF69D6552861BF01009CE7D1 /* StringExtensions.swift */,
				BF69D6562861BF01009CE7D1 /* Tree.swift */,
				BF69D6572861BF01009CE7D1 /* CollectionExtensions.swift */,
			);
			path = Utilities;
			sourceTree = "<group>";
		};
		BF69D6582861BF01009CE7D1 /* Parsable Properties */ = {
			isa = PBXGroup;
			children = (
				BF69D6592861BF01009CE7D1 /* Argument.swift */,
				BF69D65A2861BF01009CE7D1 /* Option.swift */,
				BF69D65B2861BF01009CE7D1 /* CompletionKind.swift */,
				BF69D65C2861BF01009CE7D1 /* OptionGroup.swift */,
				BF69D65D2861BF01009CE7D1 /* Errors.swift */,
				BF69D65E2861BF01009CE7D1 /* ArgumentHelp.swift */,
				BF69D65F2861BF01009CE7D1 /* ArgumentVisibility.swift */,
				BF69D6602861BF01009CE7D1 /* NameSpecification.swift */,
				BF69D6612861BF01009CE7D1 /* Flag.swift */,
			);
			path = "Parsable Properties";
			sourceTree = "<group>";
		};
		BF69D6622861BF01009CE7D1 /* Parsing */ = {
			isa = PBXGroup;
			children = (
				BF69D6632861BF01009CE7D1 /* ArgumentSet.swift */,
				BF69D6642861BF01009CE7D1 /* ParserError.swift */,
				BF69D6652861BF01009CE7D1 /* CommandParser.swift */,
				BF69D6662861BF01009CE7D1 /* InputOrigin.swift */,
				BF69D6672861BF01009CE7D1 /* Parsed.swift */,
				BF69D6682861BF01009CE7D1 /* ArgumentDefinition.swift */,
				BF69D6692861BF01009CE7D1 /* ParsedValues.swift */,
				BF69D66A2861BF01009CE7D1 /* Name.swift */,
				BF69D66B2861BF01009CE7D1 /* SplitArguments.swift */,
				BF69D66C2861BF01009CE7D1 /* ArgumentDecoder.swift */,
			);
			path = Parsing;
			sourceTree = "<group>";
		};
		BF69D6992861C6B5009CE7D1 /* ArgumentParserToolInfo */ = {
			isa = PBXGroup;
			children = (
				BF69D69A2861C6B5009CE7D1 /* ToolInfo.swift */,
			);
			path = ArgumentParserToolInfo;
			sourceTree = "<group>";
		};
		BF69D6A72862F64D009CE7D1 /* XcodeCommands */ = {
			isa = PBXGroup;
			children = (
				BF69D6A12862EA55009CE7D1 /* Build.swift */,
				BF69D6A32862EA6A009CE7D1 /* Archive.swift */,
				BFA9F76428865EE300EE989B /* Export.swift */,
				BF26C474287C31090071E3F9 /* Upload.swift */,
			);
			path = XcodeCommands;
			sourceTree = "<group>";
		};
		BF69D6A82862F662009CE7D1 /* GitCommands */ = {
			isa = PBXGroup;
			children = (
				BF69D6BA2864789B009CE7D1 /* Init.swift */,
				BF69D69F2862C776009CE7D1 /* Clone.swift */,
				BF69D6BC286478A7009CE7D1 /* Commit.swift */,
				BF69D6AD28632E85009CE7D1 /* Pull.swift */,
				BF69D6BE286478B6009CE7D1 /* Push.swift */,
				BF69D6C0286478C5009CE7D1 /* Prune.swift */,
				BF69D6C2286478D2009CE7D1 /* Rebase.swift */,
				BFEB07B4286AA7DB00B5D197 /* Merge.swift */,
				BFEB07D1286B0ECD00B5D197 /* Squash.swift */,
				BF70770128782F9500F71AEB /* Branch.swift */,
				BF69D6C4286478DE009CE7D1 /* Checkout.swift */,
				BF69D6C6286478EC009CE7D1 /* Status.swift */,
				BF69D6AF28632E90009CE7D1 /* Tag.swift */,
				BF69D6B328632EC1009CE7D1 /* SubModule.swift */,
				BF26C591287FB7910071E3F9 /* SubModuleUpdate.swift */,
				BF69D6A52862EA8D009CE7D1 /* Git.swift */,
			);
			path = GitCommands;
			sourceTree = "<group>";
		};
		BF69D6B7286331BB009CE7D1 /* Commands */ = {
			isa = PBXGroup;
			children = (
				BF69D6A82862F662009CE7D1 /* GitCommands */,
				BF69D6A72862F64D009CE7D1 /* XcodeCommands */,
				BF70770028781FCC00F71AEB /* ShellCommands */,
				BF85BAE02886BB6500E916AD /* HelpCommand */,
			);
			path = Commands;
			sourceTree = "<group>";
		};
		BF70770028781FCC00F71AEB /* ShellCommands */ = {
			isa = PBXGroup;
			children = (
				BF7076FE28781FC500F71AEB /* Shell.swift */,
			);
			path = ShellCommands;
			sourceTree = "<group>";
		};
		BF85BAE02886BB6500E916AD /* HelpCommand */ = {
			isa = PBXGroup;
			children = (
				BF85BADE2886BB5F00E916AD /* Config.swift */,
			);
			path = HelpCommand;
			sourceTree = "<group>";
		};
		BFA528EA26351606003427A8 /* JKTool */ = {
			isa = PBXGroup;
			children = (
				BFA528EB26351606003427A8 /* main.swift */,
				BFA528F226351634003427A8 /* JKTool.swift */,
				BF69D6B7286331BB009CE7D1 /* Commands */,
				BF69D6992861C6B5009CE7D1 /* ArgumentParserToolInfo */,
				BF69D63D2861BF01009CE7D1 /* ArgumentParser */,
				BFA528F626351659003427A8 /* Colors */,
				BFA529072635169A003427A8 /* Shell */,
			);
			path = JKTool;
			sourceTree = "<group>";
		};
		BFA528F626351659003427A8 /* Colors */ = {
			isa = PBXGroup;
			children = (
				BFA528F726351659003427A8 /* ANSIProperties.swift */,
				BFA528F826351659003427A8 /* ANSIModifiers.swift */,
				BFA528F926351659003427A8 /* Colors.swift */,
				BF69D6B828643944009CE7D1 /* Po.swift */,
				BFA528FA26351659003427A8 /* ANSIColorCode.swift */,
			);
			path = Colors;
			sourceTree = "<group>";
		};
		BFA529072635169A003427A8 /* Shell */ = {
			isa = PBXGroup;
			children = (
				BFA5290D2635169A003427A8 /* ShellOut.swift */,
				BFEBAE6728608295006928AD /* ExecutableBuild.swift */,
				BFA529082635169A003427A8 /* SubProject.swift */,
				BFA529092635169A003427A8 /* ConfigType.swift */,
				BFA5290C2635169A003427A8 /* Project.swift */,
			);
			path = Shell;
			sourceTree = "<group>";
		};
/* End PBXGroup section */

/* Begin PBXNativeTarget section */
		BF25A4342615DE1B00CB2F1B /* JKTools */ = {
			isa = PBXNativeTarget;
			buildConfigurationList = BF25A4452615DE1D00CB2F1B /* Build configuration list for PBXNativeTarget "JKTools" */;
			buildPhases = (
				BF25A4312615DE1B00CB2F1B /* Sources */,
				BF25A4322615DE1B00CB2F1B /* Frameworks */,
				BF25A4332615DE1B00CB2F1B /* Resources */,
				BFA5298E263690F7003427A8 /* Embed App Extensions */,
			);
			buildRules = (
			);
			dependencies = (
			);
			name = JKTools;
			productName = JKTools;
			productReference = BF25A4352615DE1B00CB2F1B /* JKTools.app */;
			productType = "com.apple.product-type.application";
		};
		BFA528E826351606003427A8 /* JKTool */ = {
			isa = PBXNativeTarget;
			buildConfigurationList = BFA528EF26351606003427A8 /* Build configuration list for PBXNativeTarget "JKTool" */;
			buildPhases = (
				BFA528E526351606003427A8 /* Sources */,
				BFA528E626351606003427A8 /* Frameworks */,
				BFA528E726351606003427A8 /* CopyFiles */,
				BFB4B1D5263946E3002E7072 /* ShellScript */,
			);
			buildRules = (
			);
			dependencies = (
			);
			name = JKTool;
			productName = JKTool;
			productReference = BFA528E926351606003427A8 /* JKTool */;
			productType = "com.apple.product-type.tool";
		};
/* End PBXNativeTarget section */

/* Begin PBXProject section */
		BF25A42D2615DE1B00CB2F1B /* Project object */ = {
			isa = PBXProject;
			attributes = {
				LastSwiftUpdateCheck = 1240;
				LastUpgradeCheck = 1240;
				TargetAttributes = {
					BF25A4342615DE1B00CB2F1B = {
						CreatedOnToolsVersion = 12.4;
					};
					BFA528E826351606003427A8 = {
						CreatedOnToolsVersion = 12.4;
					};
				};
			};
			buildConfigurationList = BF25A4302615DE1B00CB2F1B /* Build configuration list for PBXProject "JKTools" */;
			compatibilityVersion = "Xcode 9.3";
			developmentRegion = en;
			hasScannedForEncodings = 0;
			knownRegions = (
				en,
				Base,
			);
			mainGroup = BF25A42C2615DE1B00CB2F1B;
			packageReferences = (
			);
			productRefGroup = BF25A4362615DE1B00CB2F1B /* Products */;
			projectDirPath = "";
			projectRoot = "";
			targets = (
				BF25A4342615DE1B00CB2F1B /* JKTools */,
				BFA528E826351606003427A8 /* JKTool */,
			);
		};
/* End PBXProject section */

/* Begin PBXResourcesBuildPhase section */
		BF25A4332615DE1B00CB2F1B /* Resources */ = {
			isa = PBXResourcesBuildPhase;
			buildActionMask = 2147483647;
			files = (
				BF3A973328900120006134AE /* PreferencesCellView.xib in Resources */,
				BF3CBE3B2636D58D0082E869 /* JKToolScript.scpt in Resources */,
				BF25A47A26170AA300CB2F1B /* Main.storyboard in Resources */,
				BF25A43D2615DE1D00CB2F1B /* Assets.xcassets in Resources */,
				BF1A881328912EC1005C0316 /* JKTools工具助手.md in Resources */,
				BF60AC94291C98A100C7BF2E /* JKTool in Resources */,
			);
			runOnlyForDeploymentPostprocessing = 0;
		};
/* End PBXResourcesBuildPhase section */

/* Begin PBXShellScriptBuildPhase section */
		BFB4B1D5263946E3002E7072 /* ShellScript */ = {
			isa = PBXShellScriptBuildPhase;
			alwaysOutOfDate = 1;
			buildActionMask = 2147483647;
			files = (
			);
			inputFileListPaths = (
			);
			inputPaths = (
			);
			outputFileListPaths = (
			);
			outputPaths = (
			);
			runOnlyForDeploymentPostprocessing = 0;
			shellPath = /bin/sh;
			shellScript = "cp -R ${BUILD_DIR}/Debug/${TARGET_NAME} ${SRCROOT}/JKTools/AppleScripts\n";
		};
/* End PBXShellScriptBuildPhase section */

/* Begin PBXSourcesBuildPhase section */
		BF25A4312615DE1B00CB2F1B /* Sources */ = {
			isa = PBXSourcesBuildPhase;
			buildActionMask = 2147483647;
			files = (
				BF25A43B2615DE1B00CB2F1B /* ViewController.swift in Sources */,
				BF60AC96291C999C00C7BF2E /* HelperViewController.swift in Sources */,
				BF2BC8F12620370D005802E4 /* PreferencesCellView.swift in Sources */,
				BF3B8066263199A30085E75A /* ConsoleOptions.swift in Sources */,
				BF2BC8F4262064D0005802E4 /* ProjectInfoBean.swift in Sources */,
				BF3B805F26318A7A0085E75A /* AppleScriptCommand.swift in Sources */,
				BFB7CA85270092080099B634 /* Alert.swift in Sources */,
				BF2BC8F72620681B005802E4 /* InsertProjectViewController.swift in Sources */,
				BF25A4392615DE1B00CB2F1B /* AppDelegate.swift in Sources */,
				BF3B80692632686C0085E75A /* MenuView.swift in Sources */,
				BF8A3DAF2918FF6900E77E3D /* ShellOut.swift in Sources */,
				BF2BC8EE26202FDB005802E4 /* PreferencesViewController.swift in Sources */,
				BF3B8063263194A10085E75A /* ConfigType.swift in Sources */,
				BF3B8054263171390085E75A /* Projects.swift in Sources */,
				BFF30917288A3F11002D9A47 /* PreferencesController.swift in Sources */,
				BFB7CA822700893F0099B634 /* Constants.swift in Sources */,
				BF284044288A7CBB002CC6A2 /* JKToolConfig.swift in Sources */,
			);
			runOnlyForDeploymentPostprocessing = 0;
		};
		BFA528E526351606003427A8 /* Sources */ = {
			isa = PBXSourcesBuildPhase;
			buildActionMask = 2147483647;
			files = (
				BF69D6822861BF01009CE7D1 /* Argument.swift in Sources */,
				BF69D68D2861BF01009CE7D1 /* CommandParser.swift in Sources */,
				BF69D67B2861BF01009CE7D1 /* UsageGenerator.swift in Sources */,
				BF70770228782F9500F71AEB /* Branch.swift in Sources */,
				BF69D6772861BF01009CE7D1 /* ZshCompletionsGenerator.swift in Sources */,
				BF69D6B428632EC1009CE7D1 /* SubModule.swift in Sources */,
				BF69D6802861BF01009CE7D1 /* Tree.swift in Sources */,
				BF69D68A2861BF01009CE7D1 /* Flag.swift in Sources */,
				BFEB07D2286B0ECD00B5D197 /* Squash.swift in Sources */,
				BFA9F76528865EE300EE989B /* Export.swift in Sources */,
				BF69D6782861BF01009CE7D1 /* DumpHelpGenerator.swift in Sources */,
				BF69D6A42862EA6A009CE7D1 /* Archive.swift in Sources */,
				BF69D6A22862EA55009CE7D1 /* Build.swift in Sources */,
				BF69D6882861BF01009CE7D1 /* ArgumentVisibility.swift in Sources */,
				BF69D6B028632E90009CE7D1 /* Tag.swift in Sources */,
				BFA529132635169A003427A8 /* ShellOut.swift in Sources */,
				BFA528F326351634003427A8 /* JKTool.swift in Sources */,
				BF69D6902861BF01009CE7D1 /* ArgumentDefinition.swift in Sources */,
				BF69D66E2861BF01009CE7D1 /* EnumerableFlag.swift in Sources */,
				BF69D6AE28632E86009CE7D1 /* Pull.swift in Sources */,
				BFA528FD26351659003427A8 /* Colors.swift in Sources */,
				BFA528FB26351659003427A8 /* ANSIProperties.swift in Sources */,
				BFEBAE6828608295006928AD /* ExecutableBuild.swift in Sources */,
				BF69D6912861BF01009CE7D1 /* ParsedValues.swift in Sources */,
				BF69D6B928643944009CE7D1 /* Po.swift in Sources */,
				BF69D6712861BF01009CE7D1 /* ParsableCommand.swift in Sources */,
				BF69D6862861BF01009CE7D1 /* Errors.swift in Sources */,
				BF69D6852861BF01009CE7D1 /* OptionGroup.swift in Sources */,
				BF69D6762861BF01009CE7D1 /* CompletionsGenerator.swift in Sources */,
				BF69D6872861BF01009CE7D1 /* ArgumentHelp.swift in Sources */,
				BFA5290F2635169A003427A8 /* ConfigType.swift in Sources */,
				BF69D6842861BF01009CE7D1 /* CompletionKind.swift in Sources */,
				BF69D6752861BF01009CE7D1 /* FishCompletionsGenerator.swift in Sources */,
				BFA528EC26351606003427A8 /* main.swift in Sources */,
				BF69D68C2861BF01009CE7D1 /* ParserError.swift in Sources */,
				BF69D68E2861BF01009CE7D1 /* InputOrigin.swift in Sources */,
				BF69D6C1286478C5009CE7D1 /* Prune.swift in Sources */,
				BF26C475287C31090071E3F9 /* Upload.swift in Sources */,
				BF69D6C3286478D2009CE7D1 /* Rebase.swift in Sources */,
				BF69D69E2861C6B5009CE7D1 /* ToolInfo.swift in Sources */,
				BFA528FC26351659003427A8 /* ANSIModifiers.swift in Sources */,
				BF69D67E2861BF01009CE7D1 /* SequenceExtensions.swift in Sources */,
				BF69D6C7286478EC009CE7D1 /* Status.swift in Sources */,
				BF69D6812861BF01009CE7D1 /* CollectionExtensions.swift in Sources */,
				BF69D66F2861BF01009CE7D1 /* ParsableArgumentsValidation.swift in Sources */,
				BF69D68B2861BF01009CE7D1 /* ArgumentSet.swift in Sources */,
				BF69D6942861BF01009CE7D1 /* ArgumentDecoder.swift in Sources */,
				BF69D6832861BF01009CE7D1 /* Option.swift in Sources */,
				BF69D68F2861BF01009CE7D1 /* Parsed.swift in Sources */,
				BF69D6722861BF01009CE7D1 /* ExpressibleByArgument.swift in Sources */,
				BFA529122635169A003427A8 /* Project.swift in Sources */,
				BF69D67C2861BF01009CE7D1 /* MessageInfo.swift in Sources */,
				BFA5290E2635169A003427A8 /* SubProject.swift in Sources */,
				BF69D6BD286478A7009CE7D1 /* Commit.swift in Sources */,
				BF69D67A2861BF01009CE7D1 /* HelpGenerator.swift in Sources */,
				BF69D6A62862EA8D009CE7D1 /* Git.swift in Sources */,
				BF69D6932861BF01009CE7D1 /* SplitArguments.swift in Sources */,
				BF7076FF28781FC500F71AEB /* Shell.swift in Sources */,
				BF85BADF2886BB5F00E916AD /* Config.swift in Sources */,
				BF69D6A02862C776009CE7D1 /* Clone.swift in Sources */,
				BF69D6C5286478DE009CE7D1 /* Checkout.swift in Sources */,
				BF69D6922861BF01009CE7D1 /* Name.swift in Sources */,
				BF69D6702861BF01009CE7D1 /* CommandConfiguration.swift in Sources */,
				BF69D6742861BF01009CE7D1 /* BashCompletionsGenerator.swift in Sources */,
				BFEB07B5286AA7DB00B5D197 /* Merge.swift in Sources */,
				BF26C59D287FB7920071E3F9 /* SubModuleUpdate.swift in Sources */,
				BF69D6BB2864789B009CE7D1 /* Init.swift in Sources */,
				BF69D6BF286478B6009CE7D1 /* Push.swift in Sources */,
				BF69D6792861BF01009CE7D1 /* HelpCommand.swift in Sources */,
				BF69D67F2861BF01009CE7D1 /* StringExtensions.swift in Sources */,
				BF69D66D2861BF01009CE7D1 /* ParsableArguments.swift in Sources */,
				BF69D6732861BF01009CE7D1 /* AsyncParsableCommand.swift in Sources */,
				BF69D6892861BF01009CE7D1 /* NameSpecification.swift in Sources */,
				BFA528FE26351659003427A8 /* ANSIColorCode.swift in Sources */,
			);
			runOnlyForDeploymentPostprocessing = 0;
		};
/* End PBXSourcesBuildPhase section */

/* Begin XCBuildConfiguration section */
		BF25A4432615DE1D00CB2F1B /* Debug */ = {
			isa = XCBuildConfiguration;
			buildSettings = {
				ALWAYS_SEARCH_USER_PATHS = NO;
				CLANG_ANALYZER_NONNULL = YES;
				CLANG_ANALYZER_NUMBER_OBJECT_CONVERSION = YES_AGGRESSIVE;
				CLANG_CXX_LANGUAGE_STANDARD = "gnu++14";
				CLANG_CXX_LIBRARY = "libc++";
				CLANG_ENABLE_MODULES = YES;
				CLANG_ENABLE_OBJC_ARC = YES;
				CLANG_ENABLE_OBJC_WEAK = YES;
				CLANG_WARN_BLOCK_CAPTURE_AUTORELEASING = YES;
				CLANG_WARN_BOOL_CONVERSION = YES;
				CLANG_WARN_COMMA = YES;
				CLANG_WARN_CONSTANT_CONVERSION = YES;
				CLANG_WARN_DEPRECATED_OBJC_IMPLEMENTATIONS = YES;
				CLANG_WARN_DIRECT_OBJC_ISA_USAGE = YES_ERROR;
				CLANG_WARN_DOCUMENTATION_COMMENTS = YES;
				CLANG_WARN_EMPTY_BODY = YES;
				CLANG_WARN_ENUM_CONVERSION = YES;
				CLANG_WARN_INFINITE_RECURSION = YES;
				CLANG_WARN_INT_CONVERSION = YES;
				CLANG_WARN_NON_LITERAL_NULL_CONVERSION = YES;
				CLANG_WARN_OBJC_IMPLICIT_RETAIN_SELF = YES;
				CLANG_WARN_OBJC_LITERAL_CONVERSION = YES;
				CLANG_WARN_OBJC_ROOT_CLASS = YES_ERROR;
				CLANG_WARN_QUOTED_INCLUDE_IN_FRAMEWORK_HEADER = YES;
				CLANG_WARN_RANGE_LOOP_ANALYSIS = YES;
				CLANG_WARN_STRICT_PROTOTYPES = YES;
				CLANG_WARN_SUSPICIOUS_MOVE = YES;
				CLANG_WARN_UNGUARDED_AVAILABILITY = YES_AGGRESSIVE;
				CLANG_WARN_UNREACHABLE_CODE = YES;
				CLANG_WARN__DUPLICATE_METHOD_MATCH = YES;
				COPY_PHASE_STRIP = NO;
				DEBUG_INFORMATION_FORMAT = dwarf;
				ENABLE_HARDENED_RUNTIME = YES;
				ENABLE_STRICT_OBJC_MSGSEND = YES;
				ENABLE_TESTABILITY = YES;
				GCC_C_LANGUAGE_STANDARD = gnu11;
				GCC_DYNAMIC_NO_PIC = NO;
				GCC_NO_COMMON_BLOCKS = YES;
				GCC_OPTIMIZATION_LEVEL = 0;
				GCC_PREPROCESSOR_DEFINITIONS = (
					"DEBUG=1",
					"$(inherited)",
				);
				GCC_WARN_64_TO_32_BIT_CONVERSION = YES;
				GCC_WARN_ABOUT_RETURN_TYPE = YES_ERROR;
				GCC_WARN_UNDECLARED_SELECTOR = YES;
				GCC_WARN_UNINITIALIZED_AUTOS = YES_AGGRESSIVE;
				GCC_WARN_UNUSED_FUNCTION = YES;
				GCC_WARN_UNUSED_VARIABLE = YES;
				MACOSX_DEPLOYMENT_TARGET = 10.9;
				MTL_ENABLE_DEBUG_INFO = INCLUDE_SOURCE;
				MTL_FAST_MATH = YES;
				ONLY_ACTIVE_ARCH = YES;
				SDKROOT = macosx;
				SWIFT_ACTIVE_COMPILATION_CONDITIONS = DEBUG;
				SWIFT_OPTIMIZATION_LEVEL = "-Onone";
			};
			name = Debug;
		};
		BF25A4442615DE1D00CB2F1B /* Release */ = {
			isa = XCBuildConfiguration;
			buildSettings = {
				ALWAYS_SEARCH_USER_PATHS = NO;
				CLANG_ANALYZER_NONNULL = YES;
				CLANG_ANALYZER_NUMBER_OBJECT_CONVERSION = YES_AGGRESSIVE;
				CLANG_CXX_LANGUAGE_STANDARD = "gnu++14";
				CLANG_CXX_LIBRARY = "libc++";
				CLANG_ENABLE_MODULES = YES;
				CLANG_ENABLE_OBJC_ARC = YES;
				CLANG_ENABLE_OBJC_WEAK = YES;
				CLANG_WARN_BLOCK_CAPTURE_AUTORELEASING = YES;
				CLANG_WARN_BOOL_CONVERSION = YES;
				CLANG_WARN_COMMA = YES;
				CLANG_WARN_CONSTANT_CONVERSION = YES;
				CLANG_WARN_DEPRECATED_OBJC_IMPLEMENTATIONS = YES;
				CLANG_WARN_DIRECT_OBJC_ISA_USAGE = YES_ERROR;
				CLANG_WARN_DOCUMENTATION_COMMENTS = YES;
				CLANG_WARN_EMPTY_BODY = YES;
				CLANG_WARN_ENUM_CONVERSION = YES;
				CLANG_WARN_INFINITE_RECURSION = YES;
				CLANG_WARN_INT_CONVERSION = YES;
				CLANG_WARN_NON_LITERAL_NULL_CONVERSION = YES;
				CLANG_WARN_OBJC_IMPLICIT_RETAIN_SELF = YES;
				CLANG_WARN_OBJC_LITERAL_CONVERSION = YES;
				CLANG_WARN_OBJC_ROOT_CLASS = YES_ERROR;
				CLANG_WARN_QUOTED_INCLUDE_IN_FRAMEWORK_HEADER = YES;
				CLANG_WARN_RANGE_LOOP_ANALYSIS = YES;
				CLANG_WARN_STRICT_PROTOTYPES = YES;
				CLANG_WARN_SUSPICIOUS_MOVE = YES;
				CLANG_WARN_UNGUARDED_AVAILABILITY = YES_AGGRESSIVE;
				CLANG_WARN_UNREACHABLE_CODE = YES;
				CLANG_WARN__DUPLICATE_METHOD_MATCH = YES;
				COPY_PHASE_STRIP = NO;
				DEBUG_INFORMATION_FORMAT = "dwarf-with-dsym";
				ENABLE_HARDENED_RUNTIME = YES;
				ENABLE_NS_ASSERTIONS = NO;
				ENABLE_STRICT_OBJC_MSGSEND = YES;
				GCC_C_LANGUAGE_STANDARD = gnu11;
				GCC_NO_COMMON_BLOCKS = YES;
				GCC_WARN_64_TO_32_BIT_CONVERSION = YES;
				GCC_WARN_ABOUT_RETURN_TYPE = YES_ERROR;
				GCC_WARN_UNDECLARED_SELECTOR = YES;
				GCC_WARN_UNINITIALIZED_AUTOS = YES_AGGRESSIVE;
				GCC_WARN_UNUSED_FUNCTION = YES;
				GCC_WARN_UNUSED_VARIABLE = YES;
				MACOSX_DEPLOYMENT_TARGET = 10.9;
				MTL_ENABLE_DEBUG_INFO = NO;
				MTL_FAST_MATH = YES;
				SDKROOT = macosx;
				SWIFT_COMPILATION_MODE = wholemodule;
				SWIFT_OPTIMIZATION_LEVEL = "-O";
			};
			name = Release;
		};
		BF25A4462615DE1D00CB2F1B /* Debug */ = {
			isa = XCBuildConfiguration;
			buildSettings = {
				ALWAYS_EMBED_SWIFT_STANDARD_LIBRARIES = YES;
				ASSETCATALOG_COMPILER_APPICON_NAME = AppIcon;
				ASSETCATALOG_COMPILER_GLOBAL_ACCENT_COLOR_NAME = AccentColor;
				CODE_SIGN_ENTITLEMENTS = JKTools/JKTools.entitlements;
				CODE_SIGN_IDENTITY = "Developer ID Application: YaLei Hao (8Z5RW7YX9K)";
				"CODE_SIGN_IDENTITY[sdk=macosx*]" = "Developer ID Application: YaLei Hao (8Z5RW7YX9K)";
				CODE_SIGN_STYLE = Manual;
				COMBINE_HIDPI_IMAGES = YES;
				DEVELOPMENT_TEAM = "";
				"DEVELOPMENT_TEAM[sdk=macosx*]" = 8Z5RW7YX9K;
				ENABLE_HARDENED_RUNTIME = YES;
				INFOPLIST_FILE = JKTools/Info.plist;
				LD_RUNPATH_SEARCH_PATHS = (
					"$(inherited)",
					"@executable_path/../Frameworks",
				);
				MACOSX_DEPLOYMENT_TARGET = 12.0;
				MARKETING_VERSION = 2.0;
				PRODUCT_BUNDLE_IDENTIFIER = com.jk.JKTool;
				PRODUCT_NAME = "$(TARGET_NAME)";
				PROVISIONING_PROFILE_SPECIFIER = "JKTool_Developer ID";
				"PROVISIONING_PROFILE_SPECIFIER[sdk=macosx*]" = "JKTool_Developer ID";
				SWIFT_VERSION = 5.0;
			};
			name = Debug;
		};
		BF25A4472615DE1D00CB2F1B /* Release */ = {
			isa = XCBuildConfiguration;
			buildSettings = {
				ALWAYS_EMBED_SWIFT_STANDARD_LIBRARIES = YES;
				ASSETCATALOG_COMPILER_APPICON_NAME = AppIcon;
				ASSETCATALOG_COMPILER_GLOBAL_ACCENT_COLOR_NAME = AccentColor;
				CODE_SIGN_ENTITLEMENTS = JKTools/JKTools.entitlements;
				CODE_SIGN_IDENTITY = "Developer ID Application: YaLei Hao (8Z5RW7YX9K)";
				CODE_SIGN_STYLE = Manual;
				COMBINE_HIDPI_IMAGES = YES;
				DEVELOPMENT_TEAM = "";
				"DEVELOPMENT_TEAM[sdk=macosx*]" = 8Z5RW7YX9K;
				ENABLE_HARDENED_RUNTIME = YES;
				INFOPLIST_FILE = JKTools/Info.plist;
				LD_RUNPATH_SEARCH_PATHS = (
					"$(inherited)",
					"@executable_path/../Frameworks",
				);
				MACOSX_DEPLOYMENT_TARGET = 12.0;
				MARKETING_VERSION = 2.0;
				PRODUCT_BUNDLE_IDENTIFIER = com.jk.JKTool;
				PRODUCT_NAME = "$(TARGET_NAME)";
				PROVISIONING_PROFILE_SPECIFIER = "JKTool_Developer ID";
				"PROVISIONING_PROFILE_SPECIFIER[sdk=macosx*]" = "JKTool_Developer ID";
				SWIFT_VERSION = 5.0;
			};
			name = Release;
		};
		BFA528ED26351606003427A8 /* Debug */ = {
			isa = XCBuildConfiguration;
			buildSettings = {
				CODE_SIGN_ENTITLEMENTS = JKTool/JKTool.entitlements;
				CODE_SIGN_IDENTITY = "Apple Development";
				"CODE_SIGN_IDENTITY[sdk=macosx*]" = "Apple Development";
				CODE_SIGN_STYLE = Manual;
				DEVELOPMENT_TEAM = "";
				"DEVELOPMENT_TEAM[sdk=macosx*]" = 8Z5RW7YX9K;
				ENABLE_HARDENED_RUNTIME = YES;
				MACOSX_DEPLOYMENT_TARGET = 12.0;
				PRODUCT_BUNDLE_IDENTIFIER = com.jk.JKTool.JKTool;
				PRODUCT_NAME = "$(TARGET_NAME)";
				PROVISIONING_PROFILE_SPECIFIER = "";
				SWIFT_VERSION = 5.0;
			};
			name = Debug;
		};
		BFA528EE26351606003427A8 /* Release */ = {
			isa = XCBuildConfiguration;
			buildSettings = {
				CODE_SIGN_ENTITLEMENTS = JKTool/JKTool.entitlements;
				CODE_SIGN_IDENTITY = "Apple Development";
				"CODE_SIGN_IDENTITY[sdk=macosx*]" = "Apple Development";
				CODE_SIGN_STYLE = Manual;
				DEVELOPMENT_TEAM = "";
				"DEVELOPMENT_TEAM[sdk=macosx*]" = 8Z5RW7YX9K;
				ENABLE_HARDENED_RUNTIME = YES;
				MACOSX_DEPLOYMENT_TARGET = 12.0;
				PRODUCT_BUNDLE_IDENTIFIER = com.jk.JKTool.JKTool;
				PRODUCT_NAME = "$(TARGET_NAME)";
				PROVISIONING_PROFILE_SPECIFIER = "";
				SWIFT_VERSION = 5.0;
			};
			name = Release;
		};
/* End XCBuildConfiguration section */

/* Begin XCConfigurationList section */
		BF25A4302615DE1B00CB2F1B /* Build configuration list for PBXProject "JKTools" */ = {
			isa = XCConfigurationList;
			buildConfigurations = (
				BF25A4432615DE1D00CB2F1B /* Debug */,
				BF25A4442615DE1D00CB2F1B /* Release */,
			);
			defaultConfigurationIsVisible = 0;
			defaultConfigurationName = Release;
		};
		BF25A4452615DE1D00CB2F1B /* Build configuration list for PBXNativeTarget "JKTools" */ = {
			isa = XCConfigurationList;
			buildConfigurations = (
				BF25A4462615DE1D00CB2F1B /* Debug */,
				BF25A4472615DE1D00CB2F1B /* Release */,
			);
			defaultConfigurationIsVisible = 0;
			defaultConfigurationName = Release;
		};
		BFA528EF26351606003427A8 /* Build configuration list for PBXNativeTarget "JKTool" */ = {
			isa = XCConfigurationList;
			buildConfigurations = (
				BFA528ED26351606003427A8 /* Debug */,
				BFA528EE26351606003427A8 /* Release */,
			);
			defaultConfigurationIsVisible = 0;
			defaultConfigurationName = Release;
		};
/* End XCConfigurationList section */
	};
	rootObject = BF25A42D2615DE1B00CB2F1B /* Project object */;
}
